// !$*UTF8*$!
{
	archiveVersion = 1;
	classes = {
	};
	objectVersion = 51;
	objects = {

/* Begin PBXBuildFile section */
		007BF89A2442CC39000729DC /* GoogleService-Info.plist in Resources */ = {isa = PBXBuildFile; fileRef = 007BF8992442CC39000729DC /* GoogleService-Info.plist */; };
		007BF89C2442D6C6000729DC /* HuddlePanelVC.swift in Sources */ = {isa = PBXBuildFile; fileRef = 007BF89B2442D6C6000729DC /* HuddlePanelVC.swift */; };
		1A5B70322435A7D6001CEA3B /* MainViewController.swift in Sources */ = {isa = PBXBuildFile; fileRef = 1A7F96E0241DA56C0010A4B6 /* MainViewController.swift */; };
		1A6402A12445AC150082368C /* MainTabBar.swift in Sources */ = {isa = PBXBuildFile; fileRef = 1A6402A02445AC150082368C /* MainTabBar.swift */; };
		1A7DCBBD24404FD100E6B1E6 /* HuddleEntryCell.swift in Sources */ = {isa = PBXBuildFile; fileRef = 1A7DCBBC24404FD100E6B1E6 /* HuddleEntryCell.swift */; };
		1A7DCBBF2440504000E6B1E6 /* MainVCFPLayout.swift in Sources */ = {isa = PBXBuildFile; fileRef = 1A7DCBBE2440504000E6B1E6 /* MainVCFPLayout.swift */; };
		1A7DCBC1244056E400E6B1E6 /* HuddleSearchBtn.swift in Sources */ = {isa = PBXBuildFile; fileRef = 1A7DCBC0244056E400E6B1E6 /* HuddleSearchBtn.swift */; };
		1A7DCBC3244058FD00E6B1E6 /* Utils.swift in Sources */ = {isa = PBXBuildFile; fileRef = 1A7DCBC2244058FD00E6B1E6 /* Utils.swift */; };
		1A7DCBC924405B0D00E6B1E6 /* Gibson-Bold.ttf in Resources */ = {isa = PBXBuildFile; fileRef = 1A7DCBC524405B0C00E6B1E6 /* Gibson-Bold.ttf */; };
		1A7DCBCA24405B0D00E6B1E6 /* Gibson-BoldItalic.ttf in Resources */ = {isa = PBXBuildFile; fileRef = 1A7DCBC624405B0C00E6B1E6 /* Gibson-BoldItalic.ttf */; };
		1A7DCBCB24405B0D00E6B1E6 /* Gibson-RegularItalic.ttf in Resources */ = {isa = PBXBuildFile; fileRef = 1A7DCBC724405B0C00E6B1E6 /* Gibson-RegularItalic.ttf */; };
		1A7DCBCC24405B0D00E6B1E6 /* Gibson-Regular.ttf in Resources */ = {isa = PBXBuildFile; fileRef = 1A7DCBC824405B0D00E6B1E6 /* Gibson-Regular.ttf */; };
		1A7F96DD241DA56C0010A4B6 /* AppDelegate.swift in Sources */ = {isa = PBXBuildFile; fileRef = 1A7F96DC241DA56C0010A4B6 /* AppDelegate.swift */; };
		1A7F96DF241DA56C0010A4B6 /* SceneDelegate.swift in Sources */ = {isa = PBXBuildFile; fileRef = 1A7F96DE241DA56C0010A4B6 /* SceneDelegate.swift */; };
		1A7F96E4241DA56C0010A4B6 /* Main.storyboard in Resources */ = {isa = PBXBuildFile; fileRef = 1A7F96E2241DA56C0010A4B6 /* Main.storyboard */; };
		1A7F96E6241DA56F0010A4B6 /* Assets.xcassets in Resources */ = {isa = PBXBuildFile; fileRef = 1A7F96E5241DA56F0010A4B6 /* Assets.xcassets */; };
		1A7F96E9241DA56F0010A4B6 /* LaunchScreen.storyboard in Resources */ = {isa = PBXBuildFile; fileRef = 1A7F96E7241DA56F0010A4B6 /* LaunchScreen.storyboard */; };
		1A7F96F6241DA7710010A4B6 /* Secrets.plist in Resources */ = {isa = PBXBuildFile; fileRef = 1A7F96F5241DA7710010A4B6 /* Secrets.plist */; };
		1A7F96F8241DA7B00010A4B6 /* Manager.swift in Sources */ = {isa = PBXBuildFile; fileRef = 1A7F96F7241DA7B00010A4B6 /* Manager.swift */; };
		1AAFCF632435B6B4007F8A52 /* MapStyle.json in Resources */ = {isa = PBXBuildFile; fileRef = 1AAFCF622435B6B4007F8A52 /* MapStyle.json */; };
		1AAFCF652435B950007F8A52 /* Huddle.swift in Sources */ = {isa = PBXBuildFile; fileRef = 1AAFCF642435B950007F8A52 /* Huddle.swift */; };
		1AAFCF672435B9F2007F8A52 /* User.swift in Sources */ = {isa = PBXBuildFile; fileRef = 1AAFCF662435B9F2007F8A52 /* User.swift */; };
		1AAFCF69243A8178007F8A52 /* Berkeley.gpx in Resources */ = {isa = PBXBuildFile; fileRef = 1AAFCF68243A8177007F8A52 /* Berkeley.gpx */; };
		1AF4A540244591110076E3BA /* HuddlePanelHorizontalRule.swift in Sources */ = {isa = PBXBuildFile; fileRef = 1AF4A53F244591110076E3BA /* HuddlePanelHorizontalRule.swift */; };
		2B25D3547637538B794F6F66 /* Pods_Huddle.framework in Frameworks */ = {isa = PBXBuildFile; fileRef = A0839F201209077C076B05EA /* Pods_Huddle.framework */; };
/* End PBXBuildFile section */

/* Begin PBXFileReference section */
		007BF8992442CC39000729DC /* GoogleService-Info.plist */ = {isa = PBXFileReference; fileEncoding = 4; lastKnownFileType = text.plist.xml; name = "GoogleService-Info.plist"; path = "../../../../../Downloads/GoogleService-Info.plist"; sourceTree = "<group>"; };
		007BF89B2442D6C6000729DC /* HuddlePanelVC.swift */ = {isa = PBXFileReference; lastKnownFileType = sourcecode.swift; path = HuddlePanelVC.swift; sourceTree = "<group>"; };
		1A2202FC2443D218009FD240 /* Huddle.entitlements */ = {isa = PBXFileReference; lastKnownFileType = text.plist.entitlements; path = Huddle.entitlements; sourceTree = "<group>"; };
		1A6402A02445AC150082368C /* MainTabBar.swift */ = {isa = PBXFileReference; lastKnownFileType = sourcecode.swift; path = MainTabBar.swift; sourceTree = "<group>"; };
		1A7DCBBC24404FD100E6B1E6 /* HuddleEntryCell.swift */ = {isa = PBXFileReference; lastKnownFileType = sourcecode.swift; path = HuddleEntryCell.swift; sourceTree = "<group>"; };
		1A7DCBBE2440504000E6B1E6 /* MainVCFPLayout.swift */ = {isa = PBXFileReference; lastKnownFileType = sourcecode.swift; path = MainVCFPLayout.swift; sourceTree = "<group>"; };
		1A7DCBC0244056E400E6B1E6 /* HuddleSearchBtn.swift */ = {isa = PBXFileReference; lastKnownFileType = sourcecode.swift; path = HuddleSearchBtn.swift; sourceTree = "<group>"; };
		1A7DCBC2244058FD00E6B1E6 /* Utils.swift */ = {isa = PBXFileReference; lastKnownFileType = sourcecode.swift; path = Utils.swift; sourceTree = "<group>"; };
		1A7DCBC524405B0C00E6B1E6 /* Gibson-Bold.ttf */ = {isa = PBXFileReference; lastKnownFileType = file; path = "Gibson-Bold.ttf"; sourceTree = "<group>"; };
		1A7DCBC624405B0C00E6B1E6 /* Gibson-BoldItalic.ttf */ = {isa = PBXFileReference; lastKnownFileType = file; path = "Gibson-BoldItalic.ttf"; sourceTree = "<group>"; };
		1A7DCBC724405B0C00E6B1E6 /* Gibson-RegularItalic.ttf */ = {isa = PBXFileReference; lastKnownFileType = file; path = "Gibson-RegularItalic.ttf"; sourceTree = "<group>"; };
		1A7DCBC824405B0D00E6B1E6 /* Gibson-Regular.ttf */ = {isa = PBXFileReference; lastKnownFileType = file; path = "Gibson-Regular.ttf"; sourceTree = "<group>"; };
		1A7F96D9241DA56C0010A4B6 /* Huddle.app */ = {isa = PBXFileReference; explicitFileType = wrapper.application; includeInIndex = 0; path = Huddle.app; sourceTree = BUILT_PRODUCTS_DIR; };
		1A7F96DC241DA56C0010A4B6 /* AppDelegate.swift */ = {isa = PBXFileReference; lastKnownFileType = sourcecode.swift; path = AppDelegate.swift; sourceTree = "<group>"; };
		1A7F96DE241DA56C0010A4B6 /* SceneDelegate.swift */ = {isa = PBXFileReference; lastKnownFileType = sourcecode.swift; path = SceneDelegate.swift; sourceTree = "<group>"; };
		1A7F96E0241DA56C0010A4B6 /* MainViewController.swift */ = {isa = PBXFileReference; lastKnownFileType = sourcecode.swift; path = MainViewController.swift; sourceTree = "<group>"; };
		1A7F96E3241DA56C0010A4B6 /* Base */ = {isa = PBXFileReference; lastKnownFileType = file.storyboard; name = Base; path = Base.lproj/Main.storyboard; sourceTree = "<group>"; };
		1A7F96E5241DA56F0010A4B6 /* Assets.xcassets */ = {isa = PBXFileReference; lastKnownFileType = folder.assetcatalog; path = Assets.xcassets; sourceTree = "<group>"; };
		1A7F96E8241DA56F0010A4B6 /* Base */ = {isa = PBXFileReference; lastKnownFileType = file.storyboard; name = Base; path = Base.lproj/LaunchScreen.storyboard; sourceTree = "<group>"; };
		1A7F96EA241DA56F0010A4B6 /* Info.plist */ = {isa = PBXFileReference; lastKnownFileType = text.plist.xml; path = Info.plist; sourceTree = "<group>"; };
		1A7F96F5241DA7710010A4B6 /* Secrets.plist */ = {isa = PBXFileReference; lastKnownFileType = text.plist.xml; path = Secrets.plist; sourceTree = "<group>"; };
		1A7F96F7241DA7B00010A4B6 /* Manager.swift */ = {isa = PBXFileReference; lastKnownFileType = sourcecode.swift; path = Manager.swift; sourceTree = "<group>"; };
		1AAFCF622435B6B4007F8A52 /* MapStyle.json */ = {isa = PBXFileReference; lastKnownFileType = text.json; path = MapStyle.json; sourceTree = "<group>"; };
		1AAFCF642435B950007F8A52 /* Huddle.swift */ = {isa = PBXFileReference; lastKnownFileType = sourcecode.swift; path = Huddle.swift; sourceTree = "<group>"; };
		1AAFCF662435B9F2007F8A52 /* User.swift */ = {isa = PBXFileReference; lastKnownFileType = sourcecode.swift; path = User.swift; sourceTree = "<group>"; };
		1AAFCF68243A8177007F8A52 /* Berkeley.gpx */ = {isa = PBXFileReference; fileEncoding = 4; lastKnownFileType = text.xml; path = Berkeley.gpx; sourceTree = "<group>"; };
		1AF4A53F244591110076E3BA /* HuddlePanelHorizontalRule.swift */ = {isa = PBXFileReference; lastKnownFileType = sourcecode.swift; path = HuddlePanelHorizontalRule.swift; sourceTree = "<group>"; };
		2EFD7098C5FBEB3ADD033CDA /* Pods-Huddle.release.xcconfig */ = {isa = PBXFileReference; includeInIndex = 1; lastKnownFileType = text.xcconfig; name = "Pods-Huddle.release.xcconfig"; path = "Target Support Files/Pods-Huddle/Pods-Huddle.release.xcconfig"; sourceTree = "<group>"; };
		48683999938477F808E9D711 /* Pods-Huddle.debug.xcconfig */ = {isa = PBXFileReference; includeInIndex = 1; lastKnownFileType = text.xcconfig; name = "Pods-Huddle.debug.xcconfig"; path = "Target Support Files/Pods-Huddle/Pods-Huddle.debug.xcconfig"; sourceTree = "<group>"; };
		A0839F201209077C076B05EA /* Pods_Huddle.framework */ = {isa = PBXFileReference; explicitFileType = wrapper.framework; includeInIndex = 0; path = Pods_Huddle.framework; sourceTree = BUILT_PRODUCTS_DIR; };
/* End PBXFileReference section */

/* Begin PBXFrameworksBuildPhase section */
		1A7F96D6241DA56C0010A4B6 /* Frameworks */ = {
			isa = PBXFrameworksBuildPhase;
			buildActionMask = 2147483647;
			files = (
				2B25D3547637538B794F6F66 /* Pods_Huddle.framework in Frameworks */,
			);
			runOnlyForDeploymentPostprocessing = 0;
		};
/* End PBXFrameworksBuildPhase section */

/* Begin PBXGroup section */
		1A7DCBC424405AFC00E6B1E6 /* Fonts */ = {
			isa = PBXGroup;
			children = (
				1A7DCBC524405B0C00E6B1E6 /* Gibson-Bold.ttf */,
				1A7DCBC624405B0C00E6B1E6 /* Gibson-BoldItalic.ttf */,
				1A7DCBC824405B0D00E6B1E6 /* Gibson-Regular.ttf */,
				1A7DCBC724405B0C00E6B1E6 /* Gibson-RegularItalic.ttf */,
			);
			path = Fonts;
			sourceTree = "<group>";
		};
		1A7F96D0241DA56C0010A4B6 = {
			isa = PBXGroup;
			children = (
				1A7F96DB241DA56C0010A4B6 /* Huddle */,
				1A7F96DA241DA56C0010A4B6 /* Products */,
				2E464CD74E9FF84C8B1002EE /* Pods */,
				F7863147CB00F6DFD5D5CA12 /* Frameworks */,
			);
			sourceTree = "<group>";
		};
		1A7F96DA241DA56C0010A4B6 /* Products */ = {
			isa = PBXGroup;
			children = (
				1A7F96D9241DA56C0010A4B6 /* Huddle.app */,
			);
			name = Products;
			sourceTree = "<group>";
		};
		1A7F96DB241DA56C0010A4B6 /* Huddle */ = {
			isa = PBXGroup;
			children = (
				1A2202FC2443D218009FD240 /* Huddle.entitlements */,
				1A7F96F4241DA7460010A4B6 /* Support Files */,
				1A7F96F3241DA73A0010A4B6 /* Resources */,
				1A7F96F2241DA72D0010A4B6 /* Controllers */,
				1A7F96F0241DA70A0010A4B6 /* Models */,
				1A7F96F1241DA7130010A4B6 /* Views */,
			);
			path = Huddle;
			sourceTree = "<group>";
		};
		1A7F96F0241DA70A0010A4B6 /* Models */ = {
			isa = PBXGroup;
			children = (
				1A7F96F7241DA7B00010A4B6 /* Manager.swift */,
				1AAFCF642435B950007F8A52 /* Huddle.swift */,
				1AAFCF662435B9F2007F8A52 /* User.swift */,
			);
			path = Models;
			sourceTree = "<group>";
		};
		1A7F96F1241DA7130010A4B6 /* Views */ = {
			isa = PBXGroup;
			children = (
				1A7DCBBC24404FD100E6B1E6 /* HuddleEntryCell.swift */,
				1A7DCBBE2440504000E6B1E6 /* MainVCFPLayout.swift */,
				1A7DCBC0244056E400E6B1E6 /* HuddleSearchBtn.swift */,
				1AF4A53F244591110076E3BA /* HuddlePanelHorizontalRule.swift */,
				1A6402A02445AC150082368C /* MainTabBar.swift */,
			);
			path = Views;
			sourceTree = "<group>";
		};
		1A7F96F2241DA72D0010A4B6 /* Controllers */ = {
			isa = PBXGroup;
			children = (
				1A7F96E0241DA56C0010A4B6 /* MainViewController.swift */,
				1A7F96E2241DA56C0010A4B6 /* Main.storyboard */,
				1A7F96E7241DA56F0010A4B6 /* LaunchScreen.storyboard */,
				007BF89B2442D6C6000729DC /* HuddlePanelVC.swift */,
			);
			path = Controllers;
			sourceTree = "<group>";
		};
		1A7F96F3241DA73A0010A4B6 /* Resources */ = {
			isa = PBXGroup;
			children = (
				1A7F96E5241DA56F0010A4B6 /* Assets.xcassets */,
			);
			path = Resources;
			sourceTree = "<group>";
		};
		1A7F96F4241DA7460010A4B6 /* Support Files */ = {
			isa = PBXGroup;
			children = (
				1A7DCBC424405AFC00E6B1E6 /* Fonts */,
				1AAFCF68243A8177007F8A52 /* Berkeley.gpx */,
				1A7F96EA241DA56F0010A4B6 /* Info.plist */,
				1A7F96DC241DA56C0010A4B6 /* AppDelegate.swift */,
				1A7F96DE241DA56C0010A4B6 /* SceneDelegate.swift */,
				1A7F96F5241DA7710010A4B6 /* Secrets.plist */,
				1AAFCF622435B6B4007F8A52 /* MapStyle.json */,
				1A7DCBC2244058FD00E6B1E6 /* Utils.swift */,
				007BF8992442CC39000729DC /* GoogleService-Info.plist */,
			);
			path = "Support Files";
			sourceTree = "<group>";
		};
		2E464CD74E9FF84C8B1002EE /* Pods */ = {
			isa = PBXGroup;
			children = (
				48683999938477F808E9D711 /* Pods-Huddle.debug.xcconfig */,
				2EFD7098C5FBEB3ADD033CDA /* Pods-Huddle.release.xcconfig */,
			);
			path = Pods;
			sourceTree = "<group>";
		};
		F7863147CB00F6DFD5D5CA12 /* Frameworks */ = {
			isa = PBXGroup;
			children = (
				A0839F201209077C076B05EA /* Pods_Huddle.framework */,
			);
			name = Frameworks;
			sourceTree = "<group>";
		};
/* End PBXGroup section */

/* Begin PBXNativeTarget section */
		1A7F96D8241DA56C0010A4B6 /* Huddle */ = {
			isa = PBXNativeTarget;
			buildConfigurationList = 1A7F96ED241DA56F0010A4B6 /* Build configuration list for PBXNativeTarget "Huddle" */;
			buildPhases = (
				FA88B4E865475ED0FBD5D986 /* [CP] Check Pods Manifest.lock */,
				1A7F96D5241DA56C0010A4B6 /* Sources */,
				1A7F96D6241DA56C0010A4B6 /* Frameworks */,
				1A7F96D7241DA56C0010A4B6 /* Resources */,
				1F62CCFAC423B8B04A58280C /* [CP] Embed Pods Frameworks */,
				7EAD55161C803C0811A06F70 /* [CP] Copy Pods Resources */,
			);
			buildRules = (
			);
			dependencies = (
			);
			name = Huddle;
			productName = Huddle;
			productReference = 1A7F96D9241DA56C0010A4B6 /* Huddle.app */;
			productType = "com.apple.product-type.application";
		};
/* End PBXNativeTarget section */

/* Begin PBXProject section */
		1A7F96D1241DA56C0010A4B6 /* Project object */ = {
			isa = PBXProject;
			attributes = {
				LastSwiftUpdateCheck = 1130;
				LastUpgradeCheck = 1130;
				ORGANIZATIONNAME = "Michael Lin";
				TargetAttributes = {
					1A7F96D8241DA56C0010A4B6 = {
						CreatedOnToolsVersion = 11.3.1;
					};
				};
			};
			buildConfigurationList = 1A7F96D4241DA56C0010A4B6 /* Build configuration list for PBXProject "Huddle" */;
			compatibilityVersion = "Xcode 9.3";
			developmentRegion = en;
			hasScannedForEncodings = 0;
			knownRegions = (
				en,
				Base,
			);
			mainGroup = 1A7F96D0241DA56C0010A4B6;
			productRefGroup = 1A7F96DA241DA56C0010A4B6 /* Products */;
			projectDirPath = "";
			projectRoot = "";
			targets = (
				1A7F96D8241DA56C0010A4B6 /* Huddle */,
			);
		};
/* End PBXProject section */

/* Begin PBXResourcesBuildPhase section */
		1A7F96D7241DA56C0010A4B6 /* Resources */ = {
			isa = PBXResourcesBuildPhase;
			buildActionMask = 2147483647;
			files = (
				1A7F96F6241DA7710010A4B6 /* Secrets.plist in Resources */,
				1A7DCBC924405B0D00E6B1E6 /* Gibson-Bold.ttf in Resources */,
				1A7DCBCB24405B0D00E6B1E6 /* Gibson-RegularItalic.ttf in Resources */,
				1AAFCF632435B6B4007F8A52 /* MapStyle.json in Resources */,
				1A7F96E9241DA56F0010A4B6 /* LaunchScreen.storyboard in Resources */,
				1A7F96E6241DA56F0010A4B6 /* Assets.xcassets in Resources */,
				1AAFCF69243A8178007F8A52 /* Berkeley.gpx in Resources */,
				1A7F96E4241DA56C0010A4B6 /* Main.storyboard in Resources */,
				007BF89A2442CC39000729DC /* GoogleService-Info.plist in Resources */,
				1A7DCBCA24405B0D00E6B1E6 /* Gibson-BoldItalic.ttf in Resources */,
				1A7DCBCC24405B0D00E6B1E6 /* Gibson-Regular.ttf in Resources */,
			);
			runOnlyForDeploymentPostprocessing = 0;
		};
/* End PBXResourcesBuildPhase section */

/* Begin PBXShellScriptBuildPhase section */
		1F62CCFAC423B8B04A58280C /* [CP] Embed Pods Frameworks */ = {
			isa = PBXShellScriptBuildPhase;
			buildActionMask = 2147483647;
			files = (
			);
			inputFileListPaths = (
				"${PODS_ROOT}/Target Support Files/Pods-Huddle/Pods-Huddle-frameworks-${CONFIGURATION}-input-files.xcfilelist",
			);
			name = "[CP] Embed Pods Frameworks";
			outputFileListPaths = (
				"${PODS_ROOT}/Target Support Files/Pods-Huddle/Pods-Huddle-frameworks-${CONFIGURATION}-output-files.xcfilelist",
			);
			runOnlyForDeploymentPostprocessing = 0;
			shellPath = /bin/sh;
			shellScript = "\"${PODS_ROOT}/Target Support Files/Pods-Huddle/Pods-Huddle-frameworks.sh\"\n";
			showEnvVarsInLog = 0;
		};
		7EAD55161C803C0811A06F70 /* [CP] Copy Pods Resources */ = {
			isa = PBXShellScriptBuildPhase;
			buildActionMask = 2147483647;
			files = (
			);
			inputFileListPaths = (
				"${PODS_ROOT}/Target Support Files/Pods-Huddle/Pods-Huddle-resources-${CONFIGURATION}-input-files.xcfilelist",
			);
			name = "[CP] Copy Pods Resources";
			outputFileListPaths = (
				"${PODS_ROOT}/Target Support Files/Pods-Huddle/Pods-Huddle-resources-${CONFIGURATION}-output-files.xcfilelist",
			);
			runOnlyForDeploymentPostprocessing = 0;
			shellPath = /bin/sh;
			shellScript = "\"${PODS_ROOT}/Target Support Files/Pods-Huddle/Pods-Huddle-resources.sh\"\n";
			showEnvVarsInLog = 0;
		};
		FA88B4E865475ED0FBD5D986 /* [CP] Check Pods Manifest.lock */ = {
			isa = PBXShellScriptBuildPhase;
			buildActionMask = 2147483647;
			files = (
			);
			inputFileListPaths = (
			);
			inputPaths = (
				"${PODS_PODFILE_DIR_PATH}/Podfile.lock",
				"${PODS_ROOT}/Manifest.lock",
			);
			name = "[CP] Check Pods Manifest.lock";
			outputFileListPaths = (
			);
			outputPaths = (
				"$(DERIVED_FILE_DIR)/Pods-Huddle-checkManifestLockResult.txt",
			);
			runOnlyForDeploymentPostprocessing = 0;
			shellPath = /bin/sh;
			shellScript = "diff \"${PODS_PODFILE_DIR_PATH}/Podfile.lock\" \"${PODS_ROOT}/Manifest.lock\" > /dev/null\nif [ $? != 0 ] ; then\n    # print error to STDERR\n    echo \"error: The sandbox is not in sync with the Podfile.lock. Run 'pod install' or update your CocoaPods installation.\" >&2\n    exit 1\nfi\n# This output is used by Xcode 'outputs' to avoid re-running this script phase.\necho \"SUCCESS\" > \"${SCRIPT_OUTPUT_FILE_0}\"\n";
			showEnvVarsInLog = 0;
		};
/* End PBXShellScriptBuildPhase section */

/* Begin PBXSourcesBuildPhase section */
		1A7F96D5241DA56C0010A4B6 /* Sources */ = {
			isa = PBXSourcesBuildPhase;
			buildActionMask = 2147483647;
			files = (
				1AAFCF652435B950007F8A52 /* Huddle.swift in Sources */,
				1A7DCBBF2440504000E6B1E6 /* MainVCFPLayout.swift in Sources */,
				1A7DCBC1244056E400E6B1E6 /* HuddleSearchBtn.swift in Sources */,
				1A7F96DD241DA56C0010A4B6 /* AppDelegate.swift in Sources */,
				007BF89C2442D6C6000729DC /* HuddlePanelVC.swift in Sources */,
				1A7DCBBD24404FD100E6B1E6 /* HuddleEntryCell.swift in Sources */,
				1A7DCBC3244058FD00E6B1E6 /* Utils.swift in Sources */,
				1AAFCF672435B9F2007F8A52 /* User.swift in Sources */,
				1A7F96DF241DA56C0010A4B6 /* SceneDelegate.swift in Sources */,
				1A7F96F8241DA7B00010A4B6 /* Manager.swift in Sources */,
				1AF4A540244591110076E3BA /* HuddlePanelHorizontalRule.swift in Sources */,
				1A5B70322435A7D6001CEA3B /* MainViewController.swift in Sources */,
				1A6402A12445AC150082368C /* MainTabBar.swift in Sources */,
			);
			runOnlyForDeploymentPostprocessing = 0;
		};
/* End PBXSourcesBuildPhase section */

/* Begin PBXVariantGroup section */
		1A7F96E2241DA56C0010A4B6 /* Main.storyboard */ = {
			isa = PBXVariantGroup;
			children = (
				1A7F96E3241DA56C0010A4B6 /* Base */,
			);
			name = Main.storyboard;
			sourceTree = "<group>";
		};
		1A7F96E7241DA56F0010A4B6 /* LaunchScreen.storyboard */ = {
			isa = PBXVariantGroup;
			children = (
				1A7F96E8241DA56F0010A4B6 /* Base */,
			);
			name = LaunchScreen.storyboard;
			sourceTree = "<group>";
		};
/* End PBXVariantGroup section */

/* Begin XCBuildConfiguration section */
		1A7F96EB241DA56F0010A4B6 /* Debug */ = {
			isa = XCBuildConfiguration;
			buildSettings = {
				ALWAYS_SEARCH_USER_PATHS = NO;
				CLANG_ANALYZER_NONNULL = YES;
				CLANG_ANALYZER_NUMBER_OBJECT_CONVERSION = YES_AGGRESSIVE;
				CLANG_CXX_LANGUAGE_STANDARD = "gnu++14";
				CLANG_CXX_LIBRARY = "libc++";
				CLANG_ENABLE_MODULES = YES;
				CLANG_ENABLE_OBJC_ARC = YES;
				CLANG_ENABLE_OBJC_WEAK = YES;
				CLANG_WARN_BLOCK_CAPTURE_AUTORELEASING = YES;
				CLANG_WARN_BOOL_CONVERSION = YES;
				CLANG_WARN_COMMA = YES;
				CLANG_WARN_CONSTANT_CONVERSION = YES;
				CLANG_WARN_DEPRECATED_OBJC_IMPLEMENTATIONS = YES;
				CLANG_WARN_DIRECT_OBJC_ISA_USAGE = YES_ERROR;
				CLANG_WARN_DOCUMENTATION_COMMENTS = YES;
				CLANG_WARN_EMPTY_BODY = YES;
				CLANG_WARN_ENUM_CONVERSION = YES;
				CLANG_WARN_INFINITE_RECURSION = YES;
				CLANG_WARN_INT_CONVERSION = YES;
				CLANG_WARN_NON_LITERAL_NULL_CONVERSION = YES;
				CLANG_WARN_OBJC_IMPLICIT_RETAIN_SELF = YES;
				CLANG_WARN_OBJC_LITERAL_CONVERSION = YES;
				CLANG_WARN_OBJC_ROOT_CLASS = YES_ERROR;
				CLANG_WARN_RANGE_LOOP_ANALYSIS = YES;
				CLANG_WARN_STRICT_PROTOTYPES = YES;
				CLANG_WARN_SUSPICIOUS_MOVE = YES;
				CLANG_WARN_UNGUARDED_AVAILABILITY = YES_AGGRESSIVE;
				CLANG_WARN_UNREACHABLE_CODE = YES;
				CLANG_WARN__DUPLICATE_METHOD_MATCH = YES;
				COPY_PHASE_STRIP = NO;
				DEBUG_INFORMATION_FORMAT = dwarf;
				ENABLE_STRICT_OBJC_MSGSEND = YES;
				ENABLE_TESTABILITY = YES;
				GCC_C_LANGUAGE_STANDARD = gnu11;
				GCC_DYNAMIC_NO_PIC = NO;
				GCC_NO_COMMON_BLOCKS = YES;
				GCC_OPTIMIZATION_LEVEL = 0;
				GCC_PREPROCESSOR_DEFINITIONS = (
					"DEBUG=1",
					"$(inherited)",
				);
				GCC_WARN_64_TO_32_BIT_CONVERSION = YES;
				GCC_WARN_ABOUT_RETURN_TYPE = YES_ERROR;
				GCC_WARN_UNDECLARED_SELECTOR = YES;
				GCC_WARN_UNINITIALIZED_AUTOS = YES_AGGRESSIVE;
				GCC_WARN_UNUSED_FUNCTION = YES;
				GCC_WARN_UNUSED_VARIABLE = YES;
				IPHONEOS_DEPLOYMENT_TARGET = 13.2;
				MTL_ENABLE_DEBUG_INFO = INCLUDE_SOURCE;
				MTL_FAST_MATH = YES;
				ONLY_ACTIVE_ARCH = YES;
				SDKROOT = iphoneos;
				SWIFT_ACTIVE_COMPILATION_CONDITIONS = DEBUG;
				SWIFT_OPTIMIZATION_LEVEL = "-Onone";
			};
			name = Debug;
		};
		1A7F96EC241DA56F0010A4B6 /* Release */ = {
			isa = XCBuildConfiguration;
			buildSettings = {
				ALWAYS_SEARCH_USER_PATHS = NO;
				CLANG_ANALYZER_NONNULL = YES;
				CLANG_ANALYZER_NUMBER_OBJECT_CONVERSION = YES_AGGRESSIVE;
				CLANG_CXX_LANGUAGE_STANDARD = "gnu++14";
				CLANG_CXX_LIBRARY = "libc++";
				CLANG_ENABLE_MODULES = YES;
				CLANG_ENABLE_OBJC_ARC = YES;
				CLANG_ENABLE_OBJC_WEAK = YES;
				CLANG_WARN_BLOCK_CAPTURE_AUTORELEASING = YES;
				CLANG_WARN_BOOL_CONVERSION = YES;
				CLANG_WARN_COMMA = YES;
				CLANG_WARN_CONSTANT_CONVERSION = YES;
				CLANG_WARN_DEPRECATED_OBJC_IMPLEMENTATIONS = YES;
				CLANG_WARN_DIRECT_OBJC_ISA_USAGE = YES_ERROR;
				CLANG_WARN_DOCUMENTATION_COMMENTS = YES;
				CLANG_WARN_EMPTY_BODY = YES;
				CLANG_WARN_ENUM_CONVERSION = YES;
				CLANG_WARN_INFINITE_RECURSION = YES;
				CLANG_WARN_INT_CONVERSION = YES;
				CLANG_WARN_NON_LITERAL_NULL_CONVERSION = YES;
				CLANG_WARN_OBJC_IMPLICIT_RETAIN_SELF = YES;
				CLANG_WARN_OBJC_LITERAL_CONVERSION = YES;
				CLANG_WARN_OBJC_ROOT_CLASS = YES_ERROR;
				CLANG_WARN_RANGE_LOOP_ANALYSIS = YES;
				CLANG_WARN_STRICT_PROTOTYPES = YES;
				CLANG_WARN_SUSPICIOUS_MOVE = YES;
				CLANG_WARN_UNGUARDED_AVAILABILITY = YES_AGGRESSIVE;
				CLANG_WARN_UNREACHABLE_CODE = YES;
				CLANG_WARN__DUPLICATE_METHOD_MATCH = YES;
				COPY_PHASE_STRIP = NO;
				DEBUG_INFORMATION_FORMAT = "dwarf-with-dsym";
				ENABLE_NS_ASSERTIONS = NO;
				ENABLE_STRICT_OBJC_MSGSEND = YES;
				GCC_C_LANGUAGE_STANDARD = gnu11;
				GCC_NO_COMMON_BLOCKS = YES;
				GCC_WARN_64_TO_32_BIT_CONVERSION = YES;
				GCC_WARN_ABOUT_RETURN_TYPE = YES_ERROR;
				GCC_WARN_UNDECLARED_SELECTOR = YES;
				GCC_WARN_UNINITIALIZED_AUTOS = YES_AGGRESSIVE;
				GCC_WARN_UNUSED_FUNCTION = YES;
				GCC_WARN_UNUSED_VARIABLE = YES;
				IPHONEOS_DEPLOYMENT_TARGET = 13.2;
				MTL_ENABLE_DEBUG_INFO = NO;
				MTL_FAST_MATH = YES;
				SDKROOT = iphoneos;
				SWIFT_COMPILATION_MODE = wholemodule;
				SWIFT_OPTIMIZATION_LEVEL = "-O";
				VALIDATE_PRODUCT = YES;
			};
			name = Release;
		};
		1A7F96EE241DA56F0010A4B6 /* Debug */ = {
			isa = XCBuildConfiguration;
			baseConfigurationReference = 48683999938477F808E9D711 /* Pods-Huddle.debug.xcconfig */;
			buildSettings = {
				ASSETCATALOG_COMPILER_APPICON_NAME = AppIcon;
				CODE_SIGN_ENTITLEMENTS = Huddle/Huddle.entitlements;
				CODE_SIGN_STYLE = Automatic;
				DEVELOPMENT_TEAM = 55BUFERA4K;
				INFOPLIST_FILE = "Huddle/Support Files/Info.plist";
				LD_RUNPATH_SEARCH_PATHS = (
					"$(inherited)",
					"@executable_path/Frameworks",
				);
				PRODUCT_BUNDLE_IDENTIFIER = cc.miclin.Huddle;
				PRODUCT_NAME = "$(TARGET_NAME)";
				SWIFT_VERSION = 5.0;
				TARGETED_DEVICE_FAMILY = "1,2";
			};
			name = Debug;
		};
		1A7F96EF241DA56F0010A4B6 /* Release */ = {
			isa = XCBuildConfiguration;
			baseConfigurationReference = 2EFD7098C5FBEB3ADD033CDA /* Pods-Huddle.release.xcconfig */;
			buildSettings = {
				ASSETCATALOG_COMPILER_APPICON_NAME = AppIcon;
				CODE_SIGN_ENTITLEMENTS = Huddle/Huddle.entitlements;
				CODE_SIGN_STYLE = Automatic;
				DEVELOPMENT_TEAM = 55BUFERA4K;
				INFOPLIST_FILE = "Huddle/Support Files/Info.plist";
				LD_RUNPATH_SEARCH_PATHS = (
					"$(inherited)",
					"@executable_path/Frameworks",
				);
				PRODUCT_BUNDLE_IDENTIFIER = cc.miclin.Huddle;
				PRODUCT_NAME = "$(TARGET_NAME)";
				SWIFT_VERSION = 5.0;
				TARGETED_DEVICE_FAMILY = "1,2";
			};
			name = Release;
		};
/* End XCBuildConfiguration section */

/* Begin XCConfigurationList section */
		1A7F96D4241DA56C0010A4B6 /* Build configuration list for PBXProject "Huddle" */ = {
			isa = XCConfigurationList;
			buildConfigurations = (
				1A7F96EB241DA56F0010A4B6 /* Debug */,
				1A7F96EC241DA56F0010A4B6 /* Release */,
			);
			defaultConfigurationIsVisible = 0;
			defaultConfigurationName = Release;
		};
		1A7F96ED241DA56F0010A4B6 /* Build configuration list for PBXNativeTarget "Huddle" */ = {
			isa = XCConfigurationList;
			buildConfigurations = (
				1A7F96EE241DA56F0010A4B6 /* Debug */,
				1A7F96EF241DA56F0010A4B6 /* Release */,
			);
			defaultConfigurationIsVisible = 0;
			defaultConfigurationName = Release;
		};
/* End XCConfigurationList section */
	};
	rootObject = 1A7F96D1241DA56C0010A4B6 /* Project object */;
}
